// !$*UTF8*$!
{
	archiveVersion = 1;
	classes = {
	};
	objectVersion = 46;
	objects = {

/* Begin PBXBuildFile section */
		3AEA5F5119A5957E00E87DC9 /* Foundation.framework in Frameworks */ = {isa = PBXBuildFile; fileRef = 3AEA5F5019A5957E00E87DC9 /* Foundation.framework */; };
		3AEA5F5319A5957E00E87DC9 /* CoreGraphics.framework in Frameworks */ = {isa = PBXBuildFile; fileRef = 3AEA5F5219A5957E00E87DC9 /* CoreGraphics.framework */; };
		3AEA5F5519A5957E00E87DC9 /* UIKit.framework in Frameworks */ = {isa = PBXBuildFile; fileRef = 3AEA5F5419A5957E00E87DC9 /* UIKit.framework */; };
		3AEA5F5B19A5957E00E87DC9 /* InfoPlist.strings in Resources */ = {isa = PBXBuildFile; fileRef = 3AEA5F5919A5957E00E87DC9 /* InfoPlist.strings */; };
		3AEA5F5D19A5957E00E87DC9 /* main.m in Sources */ = {isa = PBXBuildFile; fileRef = 3AEA5F5C19A5957E00E87DC9 /* main.m */; };
		3AEA5F6119A5957E00E87DC9 /* RHAppDelegate.m in Sources */ = {isa = PBXBuildFile; fileRef = 3AEA5F6019A5957E00E87DC9 /* RHAppDelegate.m */; };
		3AEA5F6419A5957E00E87DC9 /* Main.storyboard in Resources */ = {isa = PBXBuildFile; fileRef = 3AEA5F6219A5957E00E87DC9 /* Main.storyboard */; };
		3AEA5F6719A5957E00E87DC9 /* RHViewController.m in Sources */ = {isa = PBXBuildFile; fileRef = 3AEA5F6619A5957E00E87DC9 /* RHViewController.m */; };
		3AEA5F6919A5957E00E87DC9 /* Images.xcassets in Resources */ = {isa = PBXBuildFile; fileRef = 3AEA5F6819A5957E00E87DC9 /* Images.xcassets */; };
		3AEA5F7019A5957E00E87DC9 /* XCTest.framework in Frameworks */ = {isa = PBXBuildFile; fileRef = 3AEA5F6F19A5957E00E87DC9 /* XCTest.framework */; };
		3AEA5F7119A5957E00E87DC9 /* Foundation.framework in Frameworks */ = {isa = PBXBuildFile; fileRef = 3AEA5F5019A5957E00E87DC9 /* Foundation.framework */; };
		3AEA5F7219A5957E00E87DC9 /* UIKit.framework in Frameworks */ = {isa = PBXBuildFile; fileRef = 3AEA5F5419A5957E00E87DC9 /* UIKit.framework */; };
		3AEA5F7A19A5957E00E87DC9 /* InfoPlist.strings in Resources */ = {isa = PBXBuildFile; fileRef = 3AEA5F7819A5957E00E87DC9 /* InfoPlist.strings */; };
		3AEA5F7C19A5957E00E87DC9 /* RHUICollectionViewTests.m in Sources */ = {isa = PBXBuildFile; fileRef = 3AEA5F7B19A5957E00E87DC9 /* RHUICollectionViewTests.m */; };
/* End PBXBuildFile section */

/* Begin PBXContainerItemProxy section */
		3AEA5F7319A5957E00E87DC9 /* PBXContainerItemProxy */ = {
			isa = PBXContainerItemProxy;
			containerPortal = 3AEA5F4519A5957E00E87DC9 /* Project object */;
			proxyType = 1;
			remoteGlobalIDString = 3AEA5F4C19A5957E00E87DC9;
			remoteInfo = RHUICollectionView;
		};
/* End PBXContainerItemProxy section */

/* Begin PBXFileReference section */
		3AEA5F4D19A5957E00E87DC9 /* RHUICollectionView.app */ = {isa = PBXFileReference; explicitFileType = wrapper.application; includeInIndex = 0; path = RHUICollectionView.app; sourceTree = BUILT_PRODUCTS_DIR; };
		3AEA5F5019A5957E00E87DC9 /* Foundation.framework */ = {isa = PBXFileReference; lastKnownFileType = wrapper.framework; name = Foundation.framework; path = System/Library/Frameworks/Foundation.framework; sourceTree = SDKROOT; };
		3AEA5F5219A5957E00E87DC9 /* CoreGraphics.framework */ = {isa = PBXFileReference; lastKnownFileType = wrapper.framework; name = CoreGraphics.framework; path = System/Library/Frameworks/CoreGraphics.framework; sourceTree = SDKROOT; };
		3AEA5F5419A5957E00E87DC9 /* UIKit.framework */ = {isa = PBXFileReference; lastKnownFileType = wrapper.framework; name = UIKit.framework; path = System/Library/Frameworks/UIKit.framework; sourceTree = SDKROOT; };
		3AEA5F5819A5957E00E87DC9 /* RHUICollectionView-Info.plist */ = {isa = PBXFileReference; lastKnownFileType = text.plist.xml; path = "RHUICollectionView-Info.plist"; sourceTree = "<group>"; };
		3AEA5F5A19A5957E00E87DC9 /* en */ = {isa = PBXFileReference; lastKnownFileType = text.plist.strings; name = en; path = en.lproj/InfoPlist.strings; sourceTree = "<group>"; };
		3AEA5F5C19A5957E00E87DC9 /* main.m */ = {isa = PBXFileReference; lastKnownFileType = sourcecode.c.objc; path = main.m; sourceTree = "<group>"; };
		3AEA5F5E19A5957E00E87DC9 /* RHUICollectionView-Prefix.pch */ = {isa = PBXFileReference; lastKnownFileType = sourcecode.c.h; path = "RHUICollectionView-Prefix.pch"; sourceTree = "<group>"; };
		3AEA5F5F19A5957E00E87DC9 /* RHAppDelegate.h */ = {isa = PBXFileReference; lastKnownFileType = sourcecode.c.h; path = RHAppDelegate.h; sourceTree = "<group>"; };
		3AEA5F6019A5957E00E87DC9 /* RHAppDelegate.m */ = {isa = PBXFileReference; lastKnownFileType = sourcecode.c.objc; path = RHAppDelegate.m; sourceTree = "<group>"; };
		3AEA5F6319A5957E00E87DC9 /* Base */ = {isa = PBXFileReference; lastKnownFileType = file.storyboard; name = Base; path = Base.lproj/Main.storyboard; sourceTree = "<group>"; };
		3AEA5F6519A5957E00E87DC9 /* RHViewController.h */ = {isa = PBXFileReference; lastKnownFileType = sourcecode.c.h; path = RHViewController.h; sourceTree = "<group>"; };
		3AEA5F6619A5957E00E87DC9 /* RHViewController.m */ = {isa = PBXFileReference; lastKnownFileType = sourcecode.c.objc; path = RHViewController.m; sourceTree = "<group>"; };
		3AEA5F6819A5957E00E87DC9 /* Images.xcassets */ = {isa = PBXFileReference; lastKnownFileType = folder.assetcatalog; path = Images.xcassets; sourceTree = "<group>"; };
		3AEA5F6E19A5957E00E87DC9 /* RHUICollectionViewTests.xctest */ = {isa = PBXFileReference; explicitFileType = wrapper.cfbundle; includeInIndex = 0; path = RHUICollectionViewTests.xctest; sourceTree = BUILT_PRODUCTS_DIR; };
		3AEA5F6F19A5957E00E87DC9 /* XCTest.framework */ = {isa = PBXFileReference; lastKnownFileType = wrapper.framework; name = XCTest.framework; path = Library/Frameworks/XCTest.framework; sourceTree = DEVELOPER_DIR; };
		3AEA5F7719A5957E00E87DC9 /* RHUICollectionViewTests-Info.plist */ = {isa = PBXFileReference; lastKnownFileType = text.plist.xml; path = "RHUICollectionViewTests-Info.plist"; sourceTree = "<group>"; };
		3AEA5F7919A5957E00E87DC9 /* en */ = {isa = PBXFileReference; lastKnownFileType = text.plist.strings; name = en; path = en.lproj/InfoPlist.strings; sourceTree = "<group>"; };
		3AEA5F7B19A5957E00E87DC9 /* RHUICollectionViewTests.m */ = {isa = PBXFileReference; lastKnownFileType = sourcecode.c.objc; path = RHUICollectionViewTests.m; sourceTree = "<group>"; };
/* End PBXFileReference section */

/* Begin PBXFrameworksBuildPhase section */
		3AEA5F4A19A5957E00E87DC9 /* Frameworks */ = {
			isa = PBXFrameworksBuildPhase;
			buildActionMask = 2147483647;
			files = (
				3AEA5F5319A5957E00E87DC9 /* CoreGraphics.framework in Frameworks */,
				3AEA5F5519A5957E00E87DC9 /* UIKit.framework in Frameworks */,
				3AEA5F5119A5957E00E87DC9 /* Foundation.framework in Frameworks */,
			);
			runOnlyForDeploymentPostprocessing = 0;
		};
		3AEA5F6B19A5957E00E87DC9 /* Frameworks */ = {
			isa = PBXFrameworksBuildPhase;
			buildActionMask = 2147483647;
			files = (
				3AEA5F7019A5957E00E87DC9 /* XCTest.framework in Frameworks */,
				3AEA5F7219A5957E00E87DC9 /* UIKit.framework in Frameworks */,
				3AEA5F7119A5957E00E87DC9 /* Foundation.framework in Frameworks */,
			);
			runOnlyForDeploymentPostprocessing = 0;
		};
/* End PBXFrameworksBuildPhase section */

/* Begin PBXGroup section */
		3AEA5F4419A5957E00E87DC9 = {
			isa = PBXGroup;
			children = (
				3AEA5F5619A5957E00E87DC9 /* RHUICollectionView */,
				3AEA5F7519A5957E00E87DC9 /* RHUICollectionViewTests */,
				3AEA5F4F19A5957E00E87DC9 /* Frameworks */,
				3AEA5F4E19A5957E00E87DC9 /* Products */,
			);
			sourceTree = "<group>";
		};
		3AEA5F4E19A5957E00E87DC9 /* Products */ = {
			isa = PBXGroup;
			children = (
				3AEA5F4D19A5957E00E87DC9 /* RHUICollectionView.app */,
				3AEA5F6E19A5957E00E87DC9 /* RHUICollectionViewTests.xctest */,
			);
			name = Products;
			sourceTree = "<group>";
		};
		3AEA5F4F19A5957E00E87DC9 /* Frameworks */ = {
			isa = PBXGroup;
			children = (
				3AEA5F5019A5957E00E87DC9 /* Foundation.framework */,
				3AEA5F5219A5957E00E87DC9 /* CoreGraphics.framework */,
				3AEA5F5419A5957E00E87DC9 /* UIKit.framework */,
				3AEA5F6F19A5957E00E87DC9 /* XCTest.framework */,
			);
			name = Frameworks;
			sourceTree = "<group>";
		};
		3AEA5F5619A5957E00E87DC9 /* RHUICollectionView */ = {
			isa = PBXGroup;
			children = (
				3AEA5F5F19A5957E00E87DC9 /* RHAppDelegate.h */,
				3AEA5F6019A5957E00E87DC9 /* RHAppDelegate.m */,
				3AEA5F6219A5957E00E87DC9 /* Main.storyboard */,
				3AEA5F6519A5957E00E87DC9 /* RHViewController.h */,
				3AEA5F6619A5957E00E87DC9 /* RHViewController.m */,
				3AEA5F6819A5957E00E87DC9 /* Images.xcassets */,
				3AEA5F5719A5957E00E87DC9 /* Supporting Files */,
			);
			path = RHUICollectionView;
			sourceTree = "<group>";
		};
		3AEA5F5719A5957E00E87DC9 /* Supporting Files */ = {
			isa = PBXGroup;
			children = (
				3AEA5F5819A5957E00E87DC9 /* RHUICollectionView-Info.plist */,
				3AEA5F5919A5957E00E87DC9 /* InfoPlist.strings */,
				3AEA5F5C19A5957E00E87DC9 /* main.m */,
				3AEA5F5E19A5957E00E87DC9 /* RHUICollectionView-Prefix.pch */,
			);
			name = "Supporting Files";
			sourceTree = "<group>";
		};
		3AEA5F7519A5957E00E87DC9 /* RHUICollectionViewTests */ = {
			isa = PBXGroup;
			children = (
				3AEA5F7B19A5957E00E87DC9 /* RHUICollectionViewTests.m */,
				3AEA5F7619A5957E00E87DC9 /* Supporting Files */,
			);
			path = RHUICollectionViewTests;
			sourceTree = "<group>";
		};
		3AEA5F7619A5957E00E87DC9 /* Supporting Files */ = {
			isa = PBXGroup;
			children = (
				3AEA5F7719A5957E00E87DC9 /* RHUICollectionViewTests-Info.plist */,
				3AEA5F7819A5957E00E87DC9 /* InfoPlist.strings */,
			);
			name = "Supporting Files";
			sourceTree = "<group>";
		};
/* End PBXGroup section */

/* Begin PBXNativeTarget section */
		3AEA5F4C19A5957E00E87DC9 /* RHUICollectionView */ = {
			isa = PBXNativeTarget;
			buildConfigurationList = 3AEA5F7F19A5957E00E87DC9 /* Build configuration list for PBXNativeTarget "RHUICollectionView" */;
			buildPhases = (
				3AEA5F4919A5957E00E87DC9 /* Sources */,
				3AEA5F4A19A5957E00E87DC9 /* Frameworks */,
				3AEA5F4B19A5957E00E87DC9 /* Resources */,
			);
			buildRules = (
			);
			dependencies = (
			);
			name = RHUICollectionView;
			productName = RHUICollectionView;
			productReference = 3AEA5F4D19A5957E00E87DC9 /* RHUICollectionView.app */;
			productType = "com.apple.product-type.application";
		};
		3AEA5F6D19A5957E00E87DC9 /* RHUICollectionViewTests */ = {
			isa = PBXNativeTarget;
			buildConfigurationList = 3AEA5F8219A5957E00E87DC9 /* Build configuration list for PBXNativeTarget "RHUICollectionViewTests" */;
			buildPhases = (
				3AEA5F6A19A5957E00E87DC9 /* Sources */,
				3AEA5F6B19A5957E00E87DC9 /* Frameworks */,
				3AEA5F6C19A5957E00E87DC9 /* Resources */,
			);
			buildRules = (
			);
			dependencies = (
				3AEA5F7419A5957E00E87DC9 /* PBXTargetDependency */,
			);
			name = RHUICollectionViewTests;
			productName = RHUICollectionViewTests;
			productReference = 3AEA5F6E19A5957E00E87DC9 /* RHUICollectionViewTests.xctest */;
			productType = "com.apple.product-type.bundle.unit-test";
		};
/* End PBXNativeTarget section */

/* Begin PBXProject section */
		3AEA5F4519A5957E00E87DC9 /* Project object */ = {
			isa = PBXProject;
			attributes = {
				CLASSPREFIX = RH;
				LastUpgradeCheck = 0510;
				ORGANIZATIONNAME = "___FULLUSERNAME___";
				TargetAttributes = {
					3AEA5F6D19A5957E00E87DC9 = {
						TestTargetID = 3AEA5F4C19A5957E00E87DC9;
					};
				};
			};
			buildConfigurationList = 3AEA5F4819A5957E00E87DC9 /* Build configuration list for PBXProject "RHUICollectionView" */;
			compatibilityVersion = "Xcode 3.2";
			developmentRegion = English;
			hasScannedForEncodings = 0;
			knownRegions = (
				en,
				Base,
			);
			mainGroup = 3AEA5F4419A5957E00E87DC9;
			productRefGroup = 3AEA5F4E19A5957E00E87DC9 /* Products */;
			projectDirPath = "";
			projectRoot = "";
			targets = (
				3AEA5F4C19A5957E00E87DC9 /* RHUICollectionView */,
				3AEA5F6D19A5957E00E87DC9 /* RHUICollectionViewTests */,
			);
		};
/* End PBXProject section */

/* Begin PBXResourcesBuildPhase section */
		3AEA5F4B19A5957E00E87DC9 /* Resources */ = {
			isa = PBXResourcesBuildPhase;
			buildActionMask = 2147483647;
			files = (
				3AEA5F6919A5957E00E87DC9 /* Images.xcassets in Resources */,
				3AEA5F5B19A5957E00E87DC9 /* InfoPlist.strings in Resources */,
				3AEA5F6419A5957E00E87DC9 /* Main.storyboard in Resources */,
			);
			runOnlyForDeploymentPostprocessing = 0;
		};
		3AEA5F6C19A5957E00E87DC9 /* Resources */ = {
			isa = PBXResourcesBuildPhase;
			buildActionMask = 2147483647;
			files = (
				3AEA5F7A19A5957E00E87DC9 /* InfoPlist.strings in Resources */,
			);
			runOnlyForDeploymentPostprocessing = 0;
		};
/* End PBXResourcesBuildPhase section */

/* Begin PBXSourcesBuildPhase section */
		3AEA5F4919A5957E00E87DC9 /* Sources */ = {
			isa = PBXSourcesBuildPhase;
			buildActionMask = 2147483647;
			files = (
				3AEA5F6119A5957E00E87DC9 /* RHAppDelegate.m in Sources */,
				3AEA5F5D19A5957E00E87DC9 /* main.m in Sources */,
				3AEA5F6719A5957E00E87DC9 /* RHViewController.m in Sources */,
			);
			runOnlyForDeploymentPostprocessing = 0;
		};
		3AEA5F6A19A5957E00E87DC9 /* Sources */ = {
			isa = PBXSourcesBuildPhase;
			buildActionMask = 2147483647;
			files = (
				3AEA5F7C19A5957E00E87DC9 /* RHUICollectionViewTests.m in Sources */,
			);
			runOnlyForDeploymentPostprocessing = 0;
		};
/* End PBXSourcesBuildPhase section */

/* Begin PBXTargetDependency section */
		3AEA5F7419A5957E00E87DC9 /* PBXTargetDependency */ = {
			isa = PBXTargetDependency;
			target = 3AEA5F4C19A5957E00E87DC9 /* RHUICollectionView */;
			targetProxy = 3AEA5F7319A5957E00E87DC9 /* PBXContainerItemProxy */;
		};
/* End PBXTargetDependency section */

/* Begin PBXVariantGroup section */
		3AEA5F5919A5957E00E87DC9 /* InfoPlist.strings */ = {
			isa = PBXVariantGroup;
			children = (
				3AEA5F5A19A5957E00E87DC9 /* en */,
			);
			name = InfoPlist.strings;
			sourceTree = "<group>";
		};
		3AEA5F6219A5957E00E87DC9 /* Main.storyboard */ = {
			isa = PBXVariantGroup;
			children = (
				3AEA5F6319A5957E00E87DC9 /* Base */,
			);
			name = Main.storyboard;
			sourceTree = "<group>";
		};
		3AEA5F7819A5957E00E87DC9 /* InfoPlist.strings */ = {
			isa = PBXVariantGroup;
			children = (
				3AEA5F7919A5957E00E87DC9 /* en */,
			);
			name = InfoPlist.strings;
			sourceTree = "<group>";
		};
/* End PBXVariantGroup section */

/* Begin XCBuildConfiguration section */
		3AEA5F7D19A5957E00E87DC9 /* Debug */ = {
			isa = XCBuildConfiguration;
			buildSettings = {
				ALWAYS_SEARCH_USER_PATHS = NO;
				CLANG_CXX_LANGUAGE_STANDARD = "gnu++0x";
				CLANG_CXX_LIBRARY = "libc++";
				CLANG_ENABLE_MODULES = YES;
				CLANG_ENABLE_OBJC_ARC = YES;
				CLANG_WARN_BOOL_CONVERSION = YES;
				CLANG_WARN_CONSTANT_CONVERSION = YES;
				CLANG_WARN_DIRECT_OBJC_ISA_USAGE = YES_ERROR;
				CLANG_WARN_EMPTY_BODY = YES;
				CLANG_WARN_ENUM_CONVERSION = YES;
				CLANG_WARN_INT_CONVERSION = YES;
				CLANG_WARN_OBJC_ROOT_CLASS = YES_ERROR;
				CLANG_WARN__DUPLICATE_METHOD_MATCH = YES;
				"CODE_SIGN_IDENTITY[sdk=iphoneos*]" = "iPhone Developer";
				COPY_PHASE_STRIP = NO;
				GCC_C_LANGUAGE_STANDARD = gnu99;
				GCC_DYNAMIC_NO_PIC = NO;
				GCC_OPTIMIZATION_LEVEL = 0;
				GCC_PREPROCESSOR_DEFINITIONS = (
					"DEBUG=1",
					"$(inherited)",
				);
				GCC_SYMBOLS_PRIVATE_EXTERN = NO;
				GCC_WARN_64_TO_32_BIT_CONVERSION = YES;
				GCC_WARN_ABOUT_RETURN_TYPE = YES_ERROR;
				GCC_WARN_UNDECLARED_SELECTOR = YES;
				GCC_WARN_UNINITIALIZED_AUTOS = YES_AGGRESSIVE;
				GCC_WARN_UNUSED_FUNCTION = YES;
				GCC_WARN_UNUSED_VARIABLE = YES;
				IPHONEOS_DEPLOYMENT_TARGET = 7.1;
				ONLY_ACTIVE_ARCH = YES;
				SDKROOT = iphoneos;
			};
			name = Debug;
		};
		3AEA5F7E19A5957E00E87DC9 /* Release */ = {
			isa = XCBuildConfiguration;
			buildSettings = {
				ALWAYS_SEARCH_USER_PATHS = NO;
				CLANG_CXX_LANGUAGE_STANDARD = "gnu++0x";
				CLANG_CXX_LIBRARY = "libc++";
				CLANG_ENABLE_MODULES = YES;
				CLANG_ENABLE_OBJC_ARC = YES;
				CLANG_WARN_BOOL_CONVERSION = YES;
				CLANG_WARN_CONSTANT_CONVERSION = YES;
				CLANG_WARN_DIRECT_OBJC_ISA_USAGE = YES_ERROR;
				CLANG_WARN_EMPTY_BODY = YES;
				CLANG_WARN_ENUM_CONVERSION = YES;
				CLANG_WARN_INT_CONVERSION = YES;
				CLANG_WARN_OBJC_ROOT_CLASS = YES_ERROR;
				CLANG_WARN__DUPLICATE_METHOD_MATCH = YES;
				"CODE_SIGN_IDENTITY[sdk=iphoneos*]" = "iPhone Developer";
				COPY_PHASE_STRIP = YES;
				ENABLE_NS_ASSERTIONS = NO;
				GCC_C_LANGUAGE_STANDARD = gnu99;
				GCC_WARN_64_TO_32_BIT_CONVERSION = YES;
				GCC_WARN_ABOUT_RETURN_TYPE = YES_ERROR;
				GCC_WARN_UNDECLARED_SELECTOR = YES;
				GCC_WARN_UNINITIALIZED_AUTOS = YES_AGGRESSIVE;
				GCC_WARN_UNUSED_FUNCTION = YES;
				GCC_WARN_UNUSED_VARIABLE = YES;
				IPHONEOS_DEPLOYMENT_TARGET = 7.1;
				SDKROOT = iphoneos;
				VALIDATE_PRODUCT = YES;
			};
			name = Release;
		};
		3AEA5F8019A5957E00E87DC9 /* Debug */ = {
			isa = XCBuildConfiguration;
			buildSettings = {
				ASSETCATALOG_COMPILER_APPICON_NAME = AppIcon;
				ASSETCATALOG_COMPILER_LAUNCHIMAGE_NAME = LaunchImage;
				GCC_PRECOMPILE_PREFIX_HEADER = YES;
				GCC_PREFIX_HEADER = "RHUICollectionView/RHUICollectionView-Prefix.pch";
				INFOPLIST_FILE = "RHUICollectionView/RHUICollectionView-Info.plist";
				PRODUCT_NAME = "$(TARGET_NAME)";
				WRAPPER_EXTENSION = app;
			};
			name = Debug;
		};
		3AEA5F8119A5957E00E87DC9 /* Release */ = {
			isa = XCBuildConfiguration;
			buildSettings = {
				ASSETCATALOG_COMPILER_APPICON_NAME = AppIcon;
				ASSETCATALOG_COMPILER_LAUNCHIMAGE_NAME = LaunchImage;
				GCC_PRECOMPILE_PREFIX_HEADER = YES;
				GCC_PREFIX_HEADER = "RHUICollectionView/RHUICollectionView-Prefix.pch";
				INFOPLIST_FILE = "RHUICollectionView/RHUICollectionView-Info.plist";
				PRODUCT_NAME = "$(TARGET_NAME)";
				WRAPPER_EXTENSION = app;
			};
			name = Release;
		};
		3AEA5F8319A5957E00E87DC9 /* Debug */ = {
			isa = XCBuildConfiguration;
			buildSettings = {
				BUNDLE_LOADER = "$(BUILT_PRODUCTS_DIR)/RHUICollectionView.app/RHUICollectionView";
				FRAMEWORK_SEARCH_PATHS = (
					"$(SDKROOT)/Developer/Library/Frameworks",
					"$(inherited)",
					"$(DEVELOPER_FRAMEWORKS_DIR)",
				);
				GCC_PRECOMPILE_PREFIX_HEADER = YES;
				GCC_PREFIX_HEADER = "RHUICollectionView/RHUICollectionView-Prefix.pch";
				GCC_PREPROCESSOR_DEFINITIONS = (
					"DEBUG=1",
					"$(inherited)",
				);
				INFOPLIST_FILE = "RHUICollectionViewTests/RHUICollectionViewTests-Info.plist";
				PRODUCT_NAME = "$(TARGET_NAME)";
				TEST_HOST = "$(BUNDLE_LOADER)";
				WRAPPER_EXTENSION = xctest;
			};
			name = Debug;
		};
		3AEA5F8419A5957E00E87DC9 /* Release */ = {
			isa = XCBuildConfiguration;
			buildSettings = {
				BUNDLE_LOADER = "$(BUILT_PRODUCTS_DIR)/RHUICollectionView.app/RHUICollectionView";
				FRAMEWORK_SEARCH_PATHS = (
					"$(SDKROOT)/Developer/Library/Frameworks",
					"$(inherited)",
					"$(DEVELOPER_FRAMEWORKS_DIR)",
				);
				GCC_PRECOMPILE_PREFIX_HEADER = YES;
				GCC_PREFIX_HEADER = "RHUICollectionView/RHUICollectionView-Prefix.pch";
				INFOPLIST_FILE = "RHUICollectionViewTests/RHUICollectionViewTests-Info.plist";
				PRODUCT_NAME = "$(TARGET_NAME)";
				TEST_HOST = "$(BUNDLE_LOADER)";
				WRAPPER_EXTENSION = xctest;
			};
			name = Release;
		};
/* End XCBuildConfiguration section */

/* Begin XCConfigurationList section */
		3AEA5F4819A5957E00E87DC9 /* Build configuration list for PBXProject "RHUICollectionView" */ = {
			isa = XCConfigurationList;
			buildConfigurations = (
				3AEA5F7D19A5957E00E87DC9 /* Debug */,
				3AEA5F7E19A5957E00E87DC9 /* Release */,
			);
			defaultConfigurationIsVisible = 0;
			defaultConfigurationName = Release;
		};
		3AEA5F7F19A5957E00E87DC9 /* Build configuration list for PBXNativeTarget "RHUICollectionView" */ = {
			isa = XCConfigurationList;
			buildConfigurations = (
				3AEA5F8019A5957E00E87DC9 /* Debug */,
				3AEA5F8119A5957E00E87DC9 /* Release */,
			);
			defaultConfigurationIsVisible = 0;
		};
		3AEA5F8219A5957E00E87DC9 /* Build configuration list for PBXNativeTarget "RHUICollectionViewTests" */ = {
			isa = XCConfigurationList;
			buildConfigurations = (
				3AEA5F8319A5957E00E87DC9 /* Debug */,
				3AEA5F8419A5957E00E87DC9 /* Release */,
			);
			defaultConfigurationIsVisible = 0;
		};
/* End XCConfigurationList section */
	};
	rootObject = 3AEA5F4519A5957E00E87DC9 /* Project object */;
}
